PODS:
  - AFNetworking (3.2.1):
    - AFNetworking/NSURLSession (= 3.2.1)
    - AFNetworking/Reachability (= 3.2.1)
    - AFNetworking/Security (= 3.2.1)
    - AFNetworking/Serialization (= 3.2.1)
    - AFNetworking/UIKit (= 3.2.1)
  - AFNetworking/NSURLSession (3.2.1):
    - AFNetworking/Reachability
    - AFNetworking/Security
    - AFNetworking/Serialization
  - AFNetworking/Reachability (3.2.1)
  - AFNetworking/Security (3.2.1)
  - AFNetworking/Serialization (3.2.1)
  - AFNetworking/UIKit (3.2.1):
    - AFNetworking/NSURLSession
  - CameraDrive-develop (1.0.9)
  - XiaoFuTech-develop (1.0.5):
    - XiaoFuTech-develop/AFNetworking (= 1.0.5)
  - XiaoFuTech-develop/AFNetworking (1.0.5):
    - AFNetworking (~> 3.0)

DEPENDENCIES:
  - CameraDrive-develop
  - XiaoFuTech-develop

SPEC REPOS:
  https://github.com/cocoapods/specs.git:
    - AFNetworking
  https://github.com/XiaoFuGenius/xiaofu-specs.git:
    - CameraDrive-develop
    - XiaoFuTech-develop

SPEC CHECKSUMS:
  AFNetworking: b6f891fdfaed196b46c7a83cf209e09697b94057
  CameraDrive-develop: a06eb6665cecd21fc6ff0d0575250f3e2203a64d
  XiaoFuTech-develop: 92fbffc5ee659318eef63d52a56841394b673a5f

PODFILE CHECKSUM: 5352f3d7952c981e723ebb485cf09995bd114196

COCOAPODS: 1.5.3
