PODS:
  - CameraDrive-develop (1.0.18)

DEPENDENCIES:
  - CameraDrive-develop

SPEC REPOS:
  https://github.com/XiaoFuGenius/xiaofu-specs.git:
    - CameraDrive-develop

SPEC CHECKSUMS:
  CameraDrive-develop: cc90bb2bdbd95a843f999115d96c0117af71b7ef

PODFILE CHECKSUM: 205150facda66a55c7cf6e33ae0124545dd5f80a

COCOAPODS: 1.5.3
