// !$*UTF8*$!
{
	archiveVersion = 1;
	classes = {
	};
	objectVersion = 50;
	objects = {

/* Begin PBXBuildFile section */
		6A85778B21DDC0810087FCF4 /* SwiftLinkerViewController.m in Sources */ = {isa = PBXBuildFile; fileRef = 6A85778A21DDC0810087FCF4 /* SwiftLinkerViewController.m */; };
		6A85778E21DDC0970087FCF4 /* EasyCameraViewController.m in Sources */ = {isa = PBXBuildFile; fileRef = 6A85778D21DDC0970087FCF4 /* EasyCameraViewController.m */; };
		6AA400D421C8A3D00023BCEB /* Assets.xcassets in Resources */ = {isa = PBXBuildFile; fileRef = 6AA400D321C8A3D00023BCEB /* Assets.xcassets */; };
		6AA400DA21C8A3D00023BCEB /* main.m in Sources */ = {isa = PBXBuildFile; fileRef = 6AA400D921C8A3D00023BCEB /* main.m */; };
		6AA400E221C8A58F0023BCEB /* NetworkExtension.framework in Frameworks */ = {isa = PBXBuildFile; fileRef = 6AA400E121C8A58F0023BCEB /* NetworkExtension.framework */; };
		6AA400E521C8A6410023BCEB /* XFAppDelegate.m in Sources */ = {isa = PBXBuildFile; fileRef = 6AA400E421C8A6410023BCEB /* XFAppDelegate.m */; };
		6AA400E821C8A6880023BCEB /* XFDemoViewController.m in Sources */ = {isa = PBXBuildFile; fileRef = 6AA400E621C8A6880023BCEB /* XFDemoViewController.m */; };
		6AA400FC21C8A9C30023BCEB /* README.md in Resources */ = {isa = PBXBuildFile; fileRef = 6AA400FB21C8A9C30023BCEB /* README.md */; };
		6AA4010F21C8C5010023BCEB /* BLE_2.1.0_20100.bin in Resources */ = {isa = PBXBuildFile; fileRef = 6AA4010B21C8C5000023BCEB /* BLE_2.1.0_20100.bin */; };
		6AA4011021C8C5010023BCEB /* BLE_2.0.0_20000.bin in Resources */ = {isa = PBXBuildFile; fileRef = 6AA4010C21C8C5000023BCEB /* BLE_2.0.0_20000.bin */; };
		6AA4011121C8C5010023BCEB /* Core_3.1.0_30100.bin in Resources */ = {isa = PBXBuildFile; fileRef = 6AA4010D21C8C5000023BCEB /* Core_3.1.0_30100.bin */; };
		6AA4011221C8C5010023BCEB /* Core_3.0.0_30000.bin in Resources */ = {isa = PBXBuildFile; fileRef = 6AA4010E21C8C5010023BCEB /* Core_3.0.0_30000.bin */; };
		6AA4011421C8D5050023BCEB /* EasyLinkerViewController.m in Sources */ = {isa = PBXBuildFile; fileRef = 6AA4010521C8BF600023BCEB /* EasyLinkerViewController.m */; };
		6AA4012421CA304E0023BCEB /* CameraHelperViewController.m in Sources */ = {isa = PBXBuildFile; fileRef = 6AA4010821C8BF720023BCEB /* CameraHelperViewController.m */; };
		6ADE0B6621CE2D6300E5F633 /* BleHelperViewController.m in Sources */ = {isa = PBXBuildFile; fileRef = 6ADE0B6521CE2D6300E5F633 /* BleHelperViewController.m */; };
		6ADE0B7721D0C5A300E5F633 /* InfoPlist.strings in Resources */ = {isa = PBXBuildFile; fileRef = 6ADE0B7921D0C5A300E5F633 /* InfoPlist.strings */; };
		CD0F5D6ED3E6FB18D8E6866C /* libPods-Demo-OC.a in Frameworks */ = {isa = PBXBuildFile; fileRef = D9AB70DBA39ABA87423B6D07 /* libPods-Demo-OC.a */; };
/* End PBXBuildFile section */

/* Begin PBXCopyFilesBuildPhase section */
		6AA4012321C8D6EF0023BCEB /* Embed Frameworks */ = {
			isa = PBXCopyFilesBuildPhase;
			buildActionMask = 2147483647;
			dstPath = "";
			dstSubfolderSpec = 10;
			files = (
			);
			name = "Embed Frameworks";
			runOnlyForDeploymentPostprocessing = 0;
		};
/* End PBXCopyFilesBuildPhase section */

/* Begin PBXFileReference section */
		6A85778921DDC0810087FCF4 /* SwiftLinkerViewController.h */ = {isa = PBXFileReference; lastKnownFileType = sourcecode.c.h; path = SwiftLinkerViewController.h; sourceTree = "<group>"; };
		6A85778A21DDC0810087FCF4 /* SwiftLinkerViewController.m */ = {isa = PBXFileReference; lastKnownFileType = sourcecode.c.objc; path = SwiftLinkerViewController.m; sourceTree = "<group>"; };
		6A85778C21DDC0970087FCF4 /* EasyCameraViewController.h */ = {isa = PBXFileReference; lastKnownFileType = sourcecode.c.h; path = EasyCameraViewController.h; sourceTree = "<group>"; };
		6A85778D21DDC0970087FCF4 /* EasyCameraViewController.m */ = {isa = PBXFileReference; lastKnownFileType = sourcecode.c.objc; path = EasyCameraViewController.m; sourceTree = "<group>"; };
		6AA400C721C8A3D00023BCEB /* Demo-OC.app */ = {isa = PBXFileReference; explicitFileType = wrapper.application; includeInIndex = 0; path = "Demo-OC.app"; sourceTree = BUILT_PRODUCTS_DIR; };
		6AA400D321C8A3D00023BCEB /* Assets.xcassets */ = {isa = PBXFileReference; lastKnownFileType = folder.assetcatalog; path = Assets.xcassets; sourceTree = "<group>"; };
		6AA400D821C8A3D00023BCEB /* Info.plist */ = {isa = PBXFileReference; lastKnownFileType = text.plist.xml; path = Info.plist; sourceTree = "<group>"; };
		6AA400D921C8A3D00023BCEB /* main.m */ = {isa = PBXFileReference; lastKnownFileType = sourcecode.c.objc; path = main.m; sourceTree = "<group>"; };
		6AA400E021C8A54C0023BCEB /* Demo-OC.entitlements */ = {isa = PBXFileReference; lastKnownFileType = text.plist.entitlements; path = "Demo-OC.entitlements"; sourceTree = "<group>"; };
		6AA400E121C8A58F0023BCEB /* NetworkExtension.framework */ = {isa = PBXFileReference; lastKnownFileType = wrapper.framework; name = NetworkExtension.framework; path = System/Library/Frameworks/NetworkExtension.framework; sourceTree = SDKROOT; };
		6AA400E321C8A6410023BCEB /* XFAppDelegate.h */ = {isa = PBXFileReference; lastKnownFileType = sourcecode.c.h; path = XFAppDelegate.h; sourceTree = "<group>"; };
		6AA400E421C8A6410023BCEB /* XFAppDelegate.m */ = {isa = PBXFileReference; lastKnownFileType = sourcecode.c.objc; path = XFAppDelegate.m; sourceTree = "<group>"; };
		6AA400E621C8A6880023BCEB /* XFDemoViewController.m */ = {isa = PBXFileReference; fileEncoding = 4; lastKnownFileType = sourcecode.c.objc; path = XFDemoViewController.m; sourceTree = "<group>"; };
		6AA400E721C8A6880023BCEB /* XFDemoViewController.h */ = {isa = PBXFileReference; fileEncoding = 4; lastKnownFileType = sourcecode.c.h; path = XFDemoViewController.h; sourceTree = "<group>"; };
		6AA400E921C8A6ED0023BCEB /* XFPrefixHeader.pch */ = {isa = PBXFileReference; fileEncoding = 4; lastKnownFileType = sourcecode.c.h; path = XFPrefixHeader.pch; sourceTree = "<group>"; };
		6AA400EA21C8A7250023BCEB /* XFConfig.h */ = {isa = PBXFileReference; fileEncoding = 4; lastKnownFileType = sourcecode.c.h; path = XFConfig.h; sourceTree = "<group>"; };
		6AA400FB21C8A9C30023BCEB /* README.md */ = {isa = PBXFileReference; lastKnownFileType = net.daringfireball.markdown; path = README.md; sourceTree = "<group>"; };
		6AA4010421C8BF600023BCEB /* EasyLinkerViewController.h */ = {isa = PBXFileReference; fileEncoding = 4; lastKnownFileType = sourcecode.c.h; path = EasyLinkerViewController.h; sourceTree = "<group>"; };
		6AA4010521C8BF600023BCEB /* EasyLinkerViewController.m */ = {isa = PBXFileReference; fileEncoding = 4; lastKnownFileType = sourcecode.c.objc; path = EasyLinkerViewController.m; sourceTree = "<group>"; };
		6AA4010721C8BF710023BCEB /* CameraHelperViewController.h */ = {isa = PBXFileReference; fileEncoding = 4; lastKnownFileType = sourcecode.c.h; path = CameraHelperViewController.h; sourceTree = "<group>"; };
		6AA4010821C8BF720023BCEB /* CameraHelperViewController.m */ = {isa = PBXFileReference; fileEncoding = 4; lastKnownFileType = sourcecode.c.objc; path = CameraHelperViewController.m; sourceTree = "<group>"; };
		6AA4010B21C8C5000023BCEB /* BLE_2.1.0_20100.bin */ = {isa = PBXFileReference; lastKnownFileType = archive.macbinary; path = BLE_2.1.0_20100.bin; sourceTree = "<group>"; };
		6AA4010C21C8C5000023BCEB /* BLE_2.0.0_20000.bin */ = {isa = PBXFileReference; lastKnownFileType = archive.macbinary; path = BLE_2.0.0_20000.bin; sourceTree = "<group>"; };
		6AA4010D21C8C5000023BCEB /* Core_3.1.0_30100.bin */ = {isa = PBXFileReference; lastKnownFileType = archive.macbinary; path = Core_3.1.0_30100.bin; sourceTree = "<group>"; };
		6AA4010E21C8C5010023BCEB /* Core_3.0.0_30000.bin */ = {isa = PBXFileReference; lastKnownFileType = archive.macbinary; path = Core_3.0.0_30000.bin; sourceTree = "<group>"; };
		6ADE0B6421CE2D6300E5F633 /* BleHelperViewController.h */ = {isa = PBXFileReference; lastKnownFileType = sourcecode.c.h; path = BleHelperViewController.h; sourceTree = "<group>"; };
		6ADE0B6521CE2D6300E5F633 /* BleHelperViewController.m */ = {isa = PBXFileReference; lastKnownFileType = sourcecode.c.objc; path = BleHelperViewController.m; sourceTree = "<group>"; };
		6ADE0B7821D0C5A300E5F633 /* en */ = {isa = PBXFileReference; lastKnownFileType = text.plist.strings; name = en; path = en.lproj/InfoPlist.strings; sourceTree = "<group>"; };
		C551FD8726287CCE8C36F8B2 /* Pods-Demo-OC.release.xcconfig */ = {isa = PBXFileReference; includeInIndex = 1; lastKnownFileType = text.xcconfig; name = "Pods-Demo-OC.release.xcconfig"; path = "Pods/Target Support Files/Pods-Demo-OC/Pods-Demo-OC.release.xcconfig"; sourceTree = "<group>"; };
		D9AB70DBA39ABA87423B6D07 /* libPods-Demo-OC.a */ = {isa = PBXFileReference; explicitFileType = archive.ar; includeInIndex = 0; path = "libPods-Demo-OC.a"; sourceTree = BUILT_PRODUCTS_DIR; };
		ECC0FEC9E5FD392B2BEBE6DB /* Pods-Demo-OC.debug.xcconfig */ = {isa = PBXFileReference; includeInIndex = 1; lastKnownFileType = text.xcconfig; name = "Pods-Demo-OC.debug.xcconfig"; path = "Pods/Target Support Files/Pods-Demo-OC/Pods-Demo-OC.debug.xcconfig"; sourceTree = "<group>"; };
/* End PBXFileReference section */

/* Begin PBXFrameworksBuildPhase section */
		6AA400C421C8A3D00023BCEB /* Frameworks */ = {
			isa = PBXFrameworksBuildPhase;
			buildActionMask = 2147483647;
			files = (
				CD0F5D6ED3E6FB18D8E6866C /* libPods-Demo-OC.a in Frameworks */,
				6AA400E221C8A58F0023BCEB /* NetworkExtension.framework in Frameworks */,
			);
			runOnlyForDeploymentPostprocessing = 0;
		};
/* End PBXFrameworksBuildPhase section */

/* Begin PBXGroup section */
		6AA400BE21C8A3D00023BCEB = {
			isa = PBXGroup;
			children = (
				6AA400C921C8A3D00023BCEB /* Demo-OC */,
				6AA400C821C8A3D00023BCEB /* Products */,
				D8A4A977881D866D12B827CF /* Pods */,
				E44F2C657D98D5F6C40EEFFC /* Frameworks */,
			);
			sourceTree = "<group>";
		};
		6AA400C821C8A3D00023BCEB /* Products */ = {
			isa = PBXGroup;
			children = (
				6AA400C721C8A3D00023BCEB /* Demo-OC.app */,
			);
			name = Products;
			sourceTree = "<group>";
		};
		6AA400C921C8A3D00023BCEB /* Demo-OC */ = {
			isa = PBXGroup;
			children = (
				6AA400FB21C8A9C30023BCEB /* README.md */,
				6AA400E021C8A54C0023BCEB /* Demo-OC.entitlements */,
				6AA400E321C8A6410023BCEB /* XFAppDelegate.h */,
				6AA400E421C8A6410023BCEB /* XFAppDelegate.m */,
				6AA400E721C8A6880023BCEB /* XFDemoViewController.h */,
				6AA400E621C8A6880023BCEB /* XFDemoViewController.m */,
				6ADE0B6321CE2D3300E5F633 /* CTBleHelper */,
				6AA4010021C8BEC80023BCEB /* CTCameraHelper */,
				6AA4010A21C8C4A90023BCEB /* Firmware */,
				6AA400EA21C8A7250023BCEB /* XFConfig.h */,
				6AA400E921C8A6ED0023BCEB /* XFPrefixHeader.pch */,
				6ADE0B7921D0C5A300E5F633 /* InfoPlist.strings */,
				6AA400D321C8A3D00023BCEB /* Assets.xcassets */,
				6AA400D821C8A3D00023BCEB /* Info.plist */,
				6AA400D921C8A3D00023BCEB /* main.m */,
			);
			path = "Demo-OC";
			sourceTree = "<group>";
		};
		6AA4010021C8BEC80023BCEB /* CTCameraHelper */ = {
			isa = PBXGroup;
			children = (
				6AA4010721C8BF710023BCEB /* CameraHelperViewController.h */,
				6AA4010821C8BF720023BCEB /* CameraHelperViewController.m */,
				6A85778C21DDC0970087FCF4 /* EasyCameraViewController.h */,
				6A85778D21DDC0970087FCF4 /* EasyCameraViewController.m */,
			);
			path = CTCameraHelper;
			sourceTree = "<group>";
		};
		6AA4010A21C8C4A90023BCEB /* Firmware */ = {
			isa = PBXGroup;
			children = (
				6AA4010C21C8C5000023BCEB /* BLE_2.0.0_20000.bin */,
				6AA4010B21C8C5000023BCEB /* BLE_2.1.0_20100.bin */,
				6AA4010E21C8C5010023BCEB /* Core_3.0.0_30000.bin */,
				6AA4010D21C8C5000023BCEB /* Core_3.1.0_30100.bin */,
			);
			path = Firmware;
			sourceTree = "<group>";
		};
		6ADE0B6321CE2D3300E5F633 /* CTBleHelper */ = {
			isa = PBXGroup;
			children = (
				6ADE0B6421CE2D6300E5F633 /* BleHelperViewController.h */,
				6ADE0B6521CE2D6300E5F633 /* BleHelperViewController.m */,
				6AA4010421C8BF600023BCEB /* EasyLinkerViewController.h */,
				6AA4010521C8BF600023BCEB /* EasyLinkerViewController.m */,
				6A85778921DDC0810087FCF4 /* SwiftLinkerViewController.h */,
				6A85778A21DDC0810087FCF4 /* SwiftLinkerViewController.m */,
			);
			path = CTBleHelper;
			sourceTree = "<group>";
		};
		D8A4A977881D866D12B827CF /* Pods */ = {
			isa = PBXGroup;
			children = (
				ECC0FEC9E5FD392B2BEBE6DB /* Pods-Demo-OC.debug.xcconfig */,
				C551FD8726287CCE8C36F8B2 /* Pods-Demo-OC.release.xcconfig */,
			);
			name = Pods;
			sourceTree = "<group>";
		};
		E44F2C657D98D5F6C40EEFFC /* Frameworks */ = {
			isa = PBXGroup;
			children = (
				6AA400E121C8A58F0023BCEB /* NetworkExtension.framework */,
				D9AB70DBA39ABA87423B6D07 /* libPods-Demo-OC.a */,
			);
			name = Frameworks;
			sourceTree = "<group>";
		};
/* End PBXGroup section */

/* Begin PBXNativeTarget section */
		6AA400C621C8A3D00023BCEB /* Demo-OC */ = {
			isa = PBXNativeTarget;
			buildConfigurationList = 6AA400DD21C8A3D00023BCEB /* Build configuration list for PBXNativeTarget "Demo-OC" */;
			buildPhases = (
				CC3E36E730AE8C6ED4096468 /* [CP] Check Pods Manifest.lock */,
				6AA400C321C8A3D00023BCEB /* Sources */,
				6AA400C421C8A3D00023BCEB /* Frameworks */,
				6AA400C521C8A3D00023BCEB /* Resources */,
				6AA4012321C8D6EF0023BCEB /* Embed Frameworks */,
				52FCE7B9EDC43D409C34C376 /* [CP] Embed Pods Frameworks */,
			);
			buildRules = (
			);
			dependencies = (
			);
			name = "Demo-OC";
			productName = "Demo-OC";
			productReference = 6AA400C721C8A3D00023BCEB /* Demo-OC.app */;
			productType = "com.apple.product-type.application";
		};
/* End PBXNativeTarget section */

/* Begin PBXProject section */
		6AA400BF21C8A3D00023BCEB /* Project object */ = {
			isa = PBXProject;
			attributes = {
				LastUpgradeCheck = 1010;
				ORGANIZATIONNAME = XIAOFUTECH;
				TargetAttributes = {
					6AA400C621C8A3D00023BCEB = {
						CreatedOnToolsVersion = 10.1;
						SystemCapabilities = {
							com.apple.AccessWiFi = {
								enabled = 1;
							};
							com.apple.HotspotConfiguration = {
								enabled = 1;
							};
						};
					};
				};
			};
			buildConfigurationList = 6AA400C221C8A3D00023BCEB /* Build configuration list for PBXProject "Demo-OC" */;
			compatibilityVersion = "Xcode 9.3";
			developmentRegion = en;
			hasScannedForEncodings = 0;
			knownRegions = (
				en,
				Base,
			);
			mainGroup = 6AA400BE21C8A3D00023BCEB;
			productRefGroup = 6AA400C821C8A3D00023BCEB /* Products */;
			projectDirPath = "";
			projectRoot = "";
			targets = (
				6AA400C621C8A3D00023BCEB /* Demo-OC */,
			);
		};
/* End PBXProject section */

/* Begin PBXResourcesBuildPhase section */
		6AA400C521C8A3D00023BCEB /* Resources */ = {
			isa = PBXResourcesBuildPhase;
			buildActionMask = 2147483647;
			files = (
				6AA4011121C8C5010023BCEB /* Core_3.1.0_30100.bin in Resources */,
				6AA400FC21C8A9C30023BCEB /* README.md in Resources */,
				6AA4010F21C8C5010023BCEB /* BLE_2.1.0_20100.bin in Resources */,
				6AA4011021C8C5010023BCEB /* BLE_2.0.0_20000.bin in Resources */,
				6AA4011221C8C5010023BCEB /* Core_3.0.0_30000.bin in Resources */,
				6ADE0B7721D0C5A300E5F633 /* InfoPlist.strings in Resources */,
				6AA400D421C8A3D00023BCEB /* Assets.xcassets in Resources */,
			);
			runOnlyForDeploymentPostprocessing = 0;
		};
/* End PBXResourcesBuildPhase section */

/* Begin PBXShellScriptBuildPhase section */
		52FCE7B9EDC43D409C34C376 /* [CP] Embed Pods Frameworks */ = {
			isa = PBXShellScriptBuildPhase;
			buildActionMask = 2147483647;
			files = (
			);
			inputPaths = (
				"${SRCROOT}/Pods/Target Support Files/Pods-Demo-OC/Pods-Demo-OC-frameworks.sh",
				"${PODS_ROOT}/CameraDrive-develop/Frameworks/CameraDrive.framework",
				"${PODS_ROOT}/XiaoFuTech-develop/Frameworks/XiaoFuTech.framework",
			);
			name = "[CP] Embed Pods Frameworks";
			outputPaths = (
				"${TARGET_BUILD_DIR}/${FRAMEWORKS_FOLDER_PATH}/CameraDrive.framework",
				"${TARGET_BUILD_DIR}/${FRAMEWORKS_FOLDER_PATH}/XiaoFuTech.framework",
			);
			runOnlyForDeploymentPostprocessing = 0;
			shellPath = /bin/sh;
			shellScript = "\"${SRCROOT}/Pods/Target Support Files/Pods-Demo-OC/Pods-Demo-OC-frameworks.sh\"\n";
			showEnvVarsInLog = 0;
		};
		CC3E36E730AE8C6ED4096468 /* [CP] Check Pods Manifest.lock */ = {
			isa = PBXShellScriptBuildPhase;
			buildActionMask = 2147483647;
			files = (
			);
			inputPaths = (
				"${PODS_PODFILE_DIR_PATH}/Podfile.lock",
				"${PODS_ROOT}/Manifest.lock",
			);
			name = "[CP] Check Pods Manifest.lock";
			outputPaths = (
				"$(DERIVED_FILE_DIR)/Pods-Demo-OC-checkManifestLockResult.txt",
			);
			runOnlyForDeploymentPostprocessing = 0;
			shellPath = /bin/sh;
			shellScript = "diff \"${PODS_PODFILE_DIR_PATH}/Podfile.lock\" \"${PODS_ROOT}/Manifest.lock\" > /dev/null\nif [ $? != 0 ] ; then\n    # print error to STDERR\n    echo \"error: The sandbox is not in sync with the Podfile.lock. Run 'pod install' or update your CocoaPods installation.\" >&2\n    exit 1\nfi\n# This output is used by Xcode 'outputs' to avoid re-running this script phase.\necho \"SUCCESS\" > \"${SCRIPT_OUTPUT_FILE_0}\"\n";
			showEnvVarsInLog = 0;
		};
/* End PBXShellScriptBuildPhase section */

/* Begin PBXSourcesBuildPhase section */
		6AA400C321C8A3D00023BCEB /* Sources */ = {
			isa = PBXSourcesBuildPhase;
			buildActionMask = 2147483647;
			files = (
				6A85778B21DDC0810087FCF4 /* SwiftLinkerViewController.m in Sources */,
				6ADE0B6621CE2D6300E5F633 /* BleHelperViewController.m in Sources */,
				6AA400DA21C8A3D00023BCEB /* main.m in Sources */,
				6AA400E821C8A6880023BCEB /* XFDemoViewController.m in Sources */,
				6AA4012421CA304E0023BCEB /* CameraHelperViewController.m in Sources */,
				6AA400E521C8A6410023BCEB /* XFAppDelegate.m in Sources */,
				6AA4011421C8D5050023BCEB /* EasyLinkerViewController.m in Sources */,
				6A85778E21DDC0970087FCF4 /* EasyCameraViewController.m in Sources */,
			);
			runOnlyForDeploymentPostprocessing = 0;
		};
/* End PBXSourcesBuildPhase section */

/* Begin PBXVariantGroup section */
		6ADE0B7921D0C5A300E5F633 /* InfoPlist.strings */ = {
			isa = PBXVariantGroup;
			children = (
				6ADE0B7821D0C5A300E5F633 /* en */,
			);
			name = InfoPlist.strings;
			sourceTree = "<group>";
		};
/* End PBXVariantGroup section */

/* Begin XCBuildConfiguration section */
		6AA400DB21C8A3D00023BCEB /* Debug */ = {
			isa = XCBuildConfiguration;
			buildSettings = {
				ALWAYS_SEARCH_USER_PATHS = NO;
				CLANG_ANALYZER_NONNULL = YES;
				CLANG_ANALYZER_NUMBER_OBJECT_CONVERSION = YES_AGGRESSIVE;
				CLANG_CXX_LANGUAGE_STANDARD = "gnu++14";
				CLANG_CXX_LIBRARY = "libc++";
				CLANG_ENABLE_MODULES = YES;
				CLANG_ENABLE_OBJC_ARC = YES;
				CLANG_ENABLE_OBJC_WEAK = YES;
				CLANG_WARN_BLOCK_CAPTURE_AUTORELEASING = YES;
				CLANG_WARN_BOOL_CONVERSION = YES;
				CLANG_WARN_COMMA = YES;
				CLANG_WARN_CONSTANT_CONVERSION = YES;
				CLANG_WARN_DEPRECATED_OBJC_IMPLEMENTATIONS = YES;
				CLANG_WARN_DIRECT_OBJC_ISA_USAGE = YES_ERROR;
				CLANG_WARN_DOCUMENTATION_COMMENTS = YES;
				CLANG_WARN_EMPTY_BODY = YES;
				CLANG_WARN_ENUM_CONVERSION = YES;
				CLANG_WARN_INFINITE_RECURSION = YES;
				CLANG_WARN_INT_CONVERSION = YES;
				CLANG_WARN_NON_LITERAL_NULL_CONVERSION = YES;
				CLANG_WARN_OBJC_IMPLICIT_RETAIN_SELF = YES;
				CLANG_WARN_OBJC_LITERAL_CONVERSION = YES;
				CLANG_WARN_OBJC_ROOT_CLASS = YES_ERROR;
				CLANG_WARN_RANGE_LOOP_ANALYSIS = YES;
				CLANG_WARN_STRICT_PROTOTYPES = YES;
				CLANG_WARN_SUSPICIOUS_MOVE = YES;
				CLANG_WARN_UNGUARDED_AVAILABILITY = YES_AGGRESSIVE;
				CLANG_WARN_UNREACHABLE_CODE = YES;
				CLANG_WARN__DUPLICATE_METHOD_MATCH = YES;
				CODE_SIGN_IDENTITY = "iPhone Developer";
				COPY_PHASE_STRIP = NO;
				DEBUG_INFORMATION_FORMAT = dwarf;
				ENABLE_STRICT_OBJC_MSGSEND = YES;
				ENABLE_TESTABILITY = YES;
				GCC_C_LANGUAGE_STANDARD = gnu11;
				GCC_DYNAMIC_NO_PIC = NO;
				GCC_NO_COMMON_BLOCKS = YES;
				GCC_OPTIMIZATION_LEVEL = 0;
				GCC_PREPROCESSOR_DEFINITIONS = (
					"DEBUG=1",
					"$(inherited)",
				);
				GCC_WARN_64_TO_32_BIT_CONVERSION = YES;
				GCC_WARN_ABOUT_RETURN_TYPE = YES_ERROR;
				GCC_WARN_UNDECLARED_SELECTOR = YES;
				GCC_WARN_UNINITIALIZED_AUTOS = YES_AGGRESSIVE;
				GCC_WARN_UNUSED_FUNCTION = YES;
				GCC_WARN_UNUSED_VARIABLE = YES;
				IPHONEOS_DEPLOYMENT_TARGET = 12.1;
				MTL_ENABLE_DEBUG_INFO = INCLUDE_SOURCE;
				MTL_FAST_MATH = YES;
				ONLY_ACTIVE_ARCH = YES;
				SDKROOT = iphoneos;
			};
			name = Debug;
		};
		6AA400DC21C8A3D00023BCEB /* Release */ = {
			isa = XCBuildConfiguration;
			buildSettings = {
				ALWAYS_SEARCH_USER_PATHS = NO;
				CLANG_ANALYZER_NONNULL = YES;
				CLANG_ANALYZER_NUMBER_OBJECT_CONVERSION = YES_AGGRESSIVE;
				CLANG_CXX_LANGUAGE_STANDARD = "gnu++14";
				CLANG_CXX_LIBRARY = "libc++";
				CLANG_ENABLE_MODULES = YES;
				CLANG_ENABLE_OBJC_ARC = YES;
				CLANG_ENABLE_OBJC_WEAK = YES;
				CLANG_WARN_BLOCK_CAPTURE_AUTORELEASING = YES;
				CLANG_WARN_BOOL_CONVERSION = YES;
				CLANG_WARN_COMMA = YES;
				CLANG_WARN_CONSTANT_CONVERSION = YES;
				CLANG_WARN_DEPRECATED_OBJC_IMPLEMENTATIONS = YES;
				CLANG_WARN_DIRECT_OBJC_ISA_USAGE = YES_ERROR;
				CLANG_WARN_DOCUMENTATION_COMMENTS = YES;
				CLANG_WARN_EMPTY_BODY = YES;
				CLANG_WARN_ENUM_CONVERSION = YES;
				CLANG_WARN_INFINITE_RECURSION = YES;
				CLANG_WARN_INT_CONVERSION = YES;
				CLANG_WARN_NON_LITERAL_NULL_CONVERSION = YES;
				CLANG_WARN_OBJC_IMPLICIT_RETAIN_SELF = YES;
				CLANG_WARN_OBJC_LITERAL_CONVERSION = YES;
				CLANG_WARN_OBJC_ROOT_CLASS = YES_ERROR;
				CLANG_WARN_RANGE_LOOP_ANALYSIS = YES;
				CLANG_WARN_STRICT_PROTOTYPES = YES;
				CLANG_WARN_SUSPICIOUS_MOVE = YES;
				CLANG_WARN_UNGUARDED_AVAILABILITY = YES_AGGRESSIVE;
				CLANG_WARN_UNREACHABLE_CODE = YES;
				CLANG_WARN__DUPLICATE_METHOD_MATCH = YES;
				CODE_SIGN_IDENTITY = "iPhone Developer";
				COPY_PHASE_STRIP = NO;
				DEBUG_INFORMATION_FORMAT = "dwarf-with-dsym";
				ENABLE_NS_ASSERTIONS = NO;
				ENABLE_STRICT_OBJC_MSGSEND = YES;
				GCC_C_LANGUAGE_STANDARD = gnu11;
				GCC_NO_COMMON_BLOCKS = YES;
				GCC_WARN_64_TO_32_BIT_CONVERSION = YES;
				GCC_WARN_ABOUT_RETURN_TYPE = YES_ERROR;
				GCC_WARN_UNDECLARED_SELECTOR = YES;
				GCC_WARN_UNINITIALIZED_AUTOS = YES_AGGRESSIVE;
				GCC_WARN_UNUSED_FUNCTION = YES;
				GCC_WARN_UNUSED_VARIABLE = YES;
				IPHONEOS_DEPLOYMENT_TARGET = 12.1;
				MTL_ENABLE_DEBUG_INFO = NO;
				MTL_FAST_MATH = YES;
				SDKROOT = iphoneos;
				VALIDATE_PRODUCT = YES;
			};
			name = Release;
		};
		6AA400DE21C8A3D00023BCEB /* Debug */ = {
			isa = XCBuildConfiguration;
			baseConfigurationReference = ECC0FEC9E5FD392B2BEBE6DB /* Pods-Demo-OC.debug.xcconfig */;
			buildSettings = {
				ASSETCATALOG_COMPILER_APPICON_NAME = AppIcon;
				ASSETCATALOG_COMPILER_LAUNCHIMAGE_NAME = LaunchImage;
				CODE_SIGN_ENTITLEMENTS = "Demo-OC/Demo-OC.entitlements";
				CODE_SIGN_STYLE = Automatic;
				DEVELOPMENT_TEAM = 788LBZT5RH;
				ENABLE_BITCODE = NO;
				FRAMEWORK_SEARCH_PATHS = (
					"$(inherited)",
					"$(PROJECT_DIR)/Demo-OC",
				);
				GCC_PRECOMPILE_PREFIX_HEADER = YES;
				GCC_PREFIX_HEADER = "$(SRCROOT)/Demo-OC/XFPrefixHeader.pch";
				INFOPLIST_FILE = "Demo-OC/Info.plist";
				IPHONEOS_DEPLOYMENT_TARGET = 8.0;
				LD_RUNPATH_SEARCH_PATHS = (
					"$(inherited)",
					"@executable_path/Frameworks",
				);
				PRODUCT_BUNDLE_IDENTIFIER = com.xiaofutech.SdkDemo;
				PRODUCT_NAME = "$(TARGET_NAME)";
				TARGETED_DEVICE_FAMILY = "1,2";
				USER_HEADER_SEARCH_PATHS = "$(SRCROOT)/**";
				VALID_ARCHS = "arm64 arm64e armv7 armv7s x86_64 i386";
			};
			name = Debug;
		};
		6AA400DF21C8A3D00023BCEB /* Release */ = {
			isa = XCBuildConfiguration;
			baseConfigurationReference = C551FD8726287CCE8C36F8B2 /* Pods-Demo-OC.release.xcconfig */;
			buildSettings = {
				ASSETCATALOG_COMPILER_APPICON_NAME = AppIcon;
				ASSETCATALOG_COMPILER_LAUNCHIMAGE_NAME = LaunchImage;
				CODE_SIGN_ENTITLEMENTS = "Demo-OC/Demo-OC.entitlements";
				CODE_SIGN_STYLE = Automatic;
				DEVELOPMENT_TEAM = 788LBZT5RH;
				ENABLE_BITCODE = NO;
				FRAMEWORK_SEARCH_PATHS = (
					"$(inherited)",
					"$(PROJECT_DIR)/Demo-OC",
				);
				GCC_PRECOMPILE_PREFIX_HEADER = YES;
				GCC_PREFIX_HEADER = "$(SRCROOT)/Demo-OC/XFPrefixHeader.pch";
				INFOPLIST_FILE = "Demo-OC/Info.plist";
				IPHONEOS_DEPLOYMENT_TARGET = 8.0;
				LD_RUNPATH_SEARCH_PATHS = (
					"$(inherited)",
					"@executable_path/Frameworks",
				);
				PRODUCT_BUNDLE_IDENTIFIER = com.xiaofutech.SdkDemo;
				PRODUCT_NAME = "$(TARGET_NAME)";
				TARGETED_DEVICE_FAMILY = "1,2";
				USER_HEADER_SEARCH_PATHS = "$(SRCROOT)/**";
				VALID_ARCHS = "arm64 arm64e armv7 armv7s x86_64 i386";
			};
			name = Release;
		};
/* End XCBuildConfiguration section */

/* Begin XCConfigurationList section */
		6AA400C221C8A3D00023BCEB /* Build configuration list for PBXProject "Demo-OC" */ = {
			isa = XCConfigurationList;
			buildConfigurations = (
				6AA400DB21C8A3D00023BCEB /* Debug */,
				6AA400DC21C8A3D00023BCEB /* Release */,
			);
			defaultConfigurationIsVisible = 0;
			defaultConfigurationName = Release;
		};
		6AA400DD21C8A3D00023BCEB /* Build configuration list for PBXNativeTarget "Demo-OC" */ = {
			isa = XCConfigurationList;
			buildConfigurations = (
				6AA400DE21C8A3D00023BCEB /* Debug */,
				6AA400DF21C8A3D00023BCEB /* Release */,
			);
			defaultConfigurationIsVisible = 0;
			defaultConfigurationName = Release;
		};
/* End XCConfigurationList section */
	};
	rootObject = 6AA400BF21C8A3D00023BCEB /* Project object */;
}
